
Microsoft Visual Studio Solution File, Format Version 12.00
# Visual Studio Version 16
VisualStudioVersion = 16.0.30717.126
MinimumVisualStudioVersion = 10.0.40219.1
Project("{FAE04EC0-301F-11D3-BF4B-00C04F79EFBC}") = "ERPLoading", "ERPLoading.csproj", "{F42721A1-C91D-4CA9-BB0E-7B5E0CFFBDF5}"
EndProject
Global
	GlobalSection(SolutionConfigurationPlatforms) = preSolution
		Debug|Any CPU = Debug|Any CPU
		Release|Any CPU = Release|Any CPU
	EndGlobalSection
	GlobalSection(ProjectConfigurationPlatforms) = postSolution
		{F42721A1-C91D-4CA9-BB0E-7B5E0CFFBDF5}.Debug|Any CPU.ActiveCfg = Debug|Any CPU
		{F42721A1-C91D-4CA9-BB0E-7B5E0CFFBDF5}.Debug|Any CPU.Build.0 = Debug|Any CPU
		{F42721A1-C91D-4CA9-BB0E-7B5E0CFFBDF5}.Release|Any CPU.ActiveCfg = Release|Any CPU
		{F42721A1-C91D-4CA9-BB0E-7B5E0CFFBDF5}.Release|Any CPU.Build.0 = Release|Any CPU
	EndGlobalSection
	GlobalSection(SolutionProperties) = preSolution
		HideSolutionNode = FALSE
	EndGlobalSection
	GlobalSection(ExtensibilityGlobals) = postSolution
		SolutionGuid = {1B40F069-ABEE-4DD4-AE7E-B94164E32EAA}
	EndGlobalSection
EndGlobal
